# THIS IS AN AUTOGENERATED FILE. DO NOT EDIT THIS FILE DIRECTLY.
# yarn lockfile v1


decode-uri-component@^0.2.0:
  version "0.2.0"
  resolved "https://registry.yarnpkg.com/decode-uri-component/-/decode-uri-component-0.2.0.tgz#eb3913333458775cb84cd1a1fae062106bb87545"
  integrity sha1-6zkTMzRYd1y4TNGh+uBiEGu4dUU=

query-string@^6.4.2:
  version "6.4.2"
  resolved "https://registry.yarnpkg.com/query-string/-/query-string-6.4.2.tgz#8be1dbd105306aebf86022144f575a29d516b713"
  integrity sha512-DfJqAen17LfLA3rQ+H5S4uXphrF+ANU1lT2ijds4V/Tj4gZxA3gx5/tg1bz7kYCmwna7LyJNCYqO7jNRzo3aLw==
  dependencies:
    decode-uri-component "^0.2.0"
    split-on-first "^1.0.0"
    strict-uri-encode "^2.0.0"

split-on-first@^1.0.0:
  version "1.0.0"
  resolved "https://registry.yarnpkg.com/split-on-first/-/split-on-first-1.0.0.tgz#648af4ce9a28fbcaadd43274455f298b55025fc6"
  integrity sha512-mjA57TQtdWztVZ9THAjGNpgbuIrNfsNrGa5IyK94NoPaT4N14M+GI4jD7t4arLjFkYRQWdETC5RxFzLWouoB3A==

strict-uri-encode@^2.0.0:
  version "2.0.0"
  resolved "https://registry.yarnpkg.com/strict-uri-encode/-/strict-uri-encode-2.0.0.tgz#b9c7330c7042862f6b142dc274bbcc5866ce3546"
  integrity sha1-ucczDHBChi9rFC3CdLvMWGbONUY=
